// !$*UTF8*$!
{
	archiveVersion = 1;
	classes = {
	};
	objectVersion = 46;
	objects = {

/* Begin PBXBuildFile section */
		1F4224EF1F6B056600F38653 /* main.m in Sources */ = {isa = PBXBuildFile; fileRef = 1F4224EE1F6B056600F38653 /* main.m */; };
		1F4224F21F6B056600F38653 /* AppDelegate.m in Sources */ = {isa = PBXBuildFile; fileRef = 1F4224F11F6B056600F38653 /* AppDelegate.m */; };
		1F4224F51F6B056600F38653 /* ViewController.m in Sources */ = {isa = PBXBuildFile; fileRef = 1F4224F41F6B056600F38653 /* ViewController.m */; };
		1F4224F81F6B056600F38653 /* Main.storyboard in Resources */ = {isa = PBXBuildFile; fileRef = 1F4224F61F6B056600F38653 /* Main.storyboard */; };
		1F4224FA1F6B056600F38653 /* Assets.xcassets in Resources */ = {isa = PBXBuildFile; fileRef = 1F4224F91F6B056600F38653 /* Assets.xcassets */; };
		1F4224FD1F6B056600F38653 /* LaunchScreen.storyboard in Resources */ = {isa = PBXBuildFile; fileRef = 1F4224FB1F6B056600F38653 /* LaunchScreen.storyboard */; };
		4C78257B1F7CAF210077FE6E /* MyCell.xib in Resources */ = {isa = PBXBuildFile; fileRef = 4C78257A1F7CAF210077FE6E /* MyCell.xib */; };
		827E6B9F1F74349C00219038 /* Player.m in Sources */ = {isa = PBXBuildFile; fileRef = 827E6B9E1F74349C00219038 /* Player.m */; };
		827E6BA21F7434C200219038 /* Team.m in Sources */ = {isa = PBXBuildFile; fileRef = 827E6BA11F7434C200219038 /* Team.m */; };
		827E6BAB1F74670A00219038 /* MyCell.m in Sources */ = {isa = PBXBuildFile; fileRef = 827E6BAA1F74670A00219038 /* MyCell.m */; };
/* End PBXBuildFile section */

/* Begin PBXFileReference section */
		1F4224EA1F6B056500F38653 /* HockeyCosom.app */ = {isa = PBXFileReference; explicitFileType = wrapper.application; includeInIndex = 0; path = HockeyCosom.app; sourceTree = BUILT_PRODUCTS_DIR; };
		1F4224EE1F6B056600F38653 /* main.m */ = {isa = PBXFileReference; lastKnownFileType = sourcecode.c.objc; path = main.m; sourceTree = "<group>"; };
		1F4224F01F6B056600F38653 /* AppDelegate.h */ = {isa = PBXFileReference; lastKnownFileType = sourcecode.c.h; path = AppDelegate.h; sourceTree = "<group>"; };
		1F4224F11F6B056600F38653 /* AppDelegate.m */ = {isa = PBXFileReference; lastKnownFileType = sourcecode.c.objc; path = AppDelegate.m; sourceTree = "<group>"; };
		1F4224F31F6B056600F38653 /* ViewController.h */ = {isa = PBXFileReference; lastKnownFileType = sourcecode.c.h; path = ViewController.h; sourceTree = "<group>"; };
		1F4224F41F6B056600F38653 /* ViewController.m */ = {isa = PBXFileReference; lastKnownFileType = sourcecode.c.objc; path = ViewController.m; sourceTree = "<group>"; };
		1F4224F71F6B056600F38653 /* Base */ = {isa = PBXFileReference; lastKnownFileType = file.storyboard; name = Base; path = Base.lproj/Main.storyboard; sourceTree = "<group>"; };
		1F4224F91F6B056600F38653 /* Assets.xcassets */ = {isa = PBXFileReference; lastKnownFileType = folder.assetcatalog; path = Assets.xcassets; sourceTree = "<group>"; };
		1F4224FC1F6B056600F38653 /* Base */ = {isa = PBXFileReference; lastKnownFileType = file.storyboard; name = Base; path = Base.lproj/LaunchScreen.storyboard; sourceTree = "<group>"; };
		1F4224FE1F6B056600F38653 /* Info.plist */ = {isa = PBXFileReference; lastKnownFileType = text.plist.xml; path = Info.plist; sourceTree = "<group>"; };
		4C78257A1F7CAF210077FE6E /* MyCell.xib */ = {isa = PBXFileReference; lastKnownFileType = file.xib; path = MyCell.xib; sourceTree = "<group>"; };
		827E6B9E1F74349C00219038 /* Player.m */ = {isa = PBXFileReference; fileEncoding = 4; lastKnownFileType = sourcecode.c.objc; path = Player.m; sourceTree = "<group>"; };
		827E6BA01F7434A800219038 /* Player.h */ = {isa = PBXFileReference; lastKnownFileType = sourcecode.c.h; path = Player.h; sourceTree = "<group>"; };
		827E6BA11F7434C200219038 /* Team.m */ = {isa = PBXFileReference; fileEncoding = 4; lastKnownFileType = sourcecode.c.objc; path = Team.m; sourceTree = "<group>"; };
		827E6BA31F7434D000219038 /* Team.h */ = {isa = PBXFileReference; fileEncoding = 4; lastKnownFileType = sourcecode.c.h; path = Team.h; sourceTree = "<group>"; };
		827E6BAA1F74670A00219038 /* MyCell.m */ = {isa = PBXFileReference; fileEncoding = 4; lastKnownFileType = sourcecode.c.objc; path = MyCell.m; sourceTree = "<group>"; };
		827E6BAC1F74672800219038 /* MyCell.h */ = {isa = PBXFileReference; fileEncoding = 4; lastKnownFileType = sourcecode.c.h; path = MyCell.h; sourceTree = "<group>"; };
/* End PBXFileReference section */

/* Begin PBXFrameworksBuildPhase section */
		1F4224E71F6B056500F38653 /* Frameworks */ = {
			isa = PBXFrameworksBuildPhase;
			buildActionMask = 2147483647;
			files = (
			);
			runOnlyForDeploymentPostprocessing = 0;
		};
/* End PBXFrameworksBuildPhase section */

/* Begin PBXGroup section */
		1F4224E11F6B056500F38653 = {
			isa = PBXGroup;
			children = (
				1F4224EC1F6B056500F38653 /* HockeyCosom */,
				1F4224EB1F6B056500F38653 /* Products */,
			);
			sourceTree = "<group>";
		};
		1F4224EB1F6B056500F38653 /* Products */ = {
			isa = PBXGroup;
			children = (
				1F4224EA1F6B056500F38653 /* HockeyCosom.app */,
			);
			name = Products;
			sourceTree = "<group>";
		};
		1F4224EC1F6B056500F38653 /* HockeyCosom */ = {
			isa = PBXGroup;
			children = (
				4C22ABC61F75B68400A87EEC /* Classes */,
				1F4224F61F6B056600F38653 /* Main.storyboard */,
				1F4224F91F6B056600F38653 /* Assets.xcassets */,
				1F4224FB1F6B056600F38653 /* LaunchScreen.storyboard */,
				1F4224FE1F6B056600F38653 /* Info.plist */,
				1F4224ED1F6B056600F38653 /* Supporting Files */,
			);
			path = HockeyCosom;
			sourceTree = "<group>";
		};
		1F4224ED1F6B056600F38653 /* Supporting Files */ = {
			isa = PBXGroup;
			children = (
				1F4224EE1F6B056600F38653 /* main.m */,
			);
			name = "Supporting Files";
			sourceTree = "<group>";
		};
		1FF67AD81F7D6DAF00CDBF81 /* MyCell */ = {
			isa = PBXGroup;
			children = (
				827E6BAA1F74670A00219038 /* MyCell.m */,
				827E6BAC1F74672800219038 /* MyCell.h */,
				4C78257A1F7CAF210077FE6E /* MyCell.xib */,
			);
			name = MyCell;
			sourceTree = "<group>";
		};
		4C22ABC61F75B68400A87EEC /* Classes */ = {
			isa = PBXGroup;
			children = (
				1FF67AD81F7D6DAF00CDBF81 /* MyCell */,
				1F4224F01F6B056600F38653 /* AppDelegate.h */,
				1F4224F11F6B056600F38653 /* AppDelegate.m */,
				1F4224F31F6B056600F38653 /* ViewController.h */,
				1F4224F41F6B056600F38653 /* ViewController.m */,
				827E6B9E1F74349C00219038 /* Player.m */,
				827E6BA01F7434A800219038 /* Player.h */,
				827E6BA11F7434C200219038 /* Team.m */,
				827E6BA31F7434D000219038 /* Team.h */,
			);
			path = Classes;
			sourceTree = "<group>";
		};
/* End PBXGroup section */

/* Begin PBXNativeTarget section */
		1F4224E91F6B056500F38653 /* HockeyCosom */ = {
			isa = PBXNativeTarget;
			buildConfigurationList = 1F4225011F6B056600F38653 /* Build configuration list for PBXNativeTarget "HockeyCosom" */;
			buildPhases = (
				1F4224E61F6B056500F38653 /* Sources */,
				1F4224E71F6B056500F38653 /* Frameworks */,
				1F4224E81F6B056500F38653 /* Resources */,
			);
			buildRules = (
			);
			dependencies = (
			);
			name = HockeyCosom;
			productName = HockeyCosom;
			productReference = 1F4224EA1F6B056500F38653 /* HockeyCosom.app */;
			productType = "com.apple.product-type.application";
		};
/* End PBXNativeTarget section */

/* Begin PBXProject section */
		1F4224E21F6B056500F38653 /* Project object */ = {
			isa = PBXProject;
			attributes = {
				LastUpgradeCheck = 0900;
				ORGANIZATIONNAME = "Peyrot, Michael";
				TargetAttributes = {
					1F4224E91F6B056500F38653 = {
						CreatedOnToolsVersion = 8.3.3;
						ProvisioningStyle = Automatic;
					};
				};
			};
			buildConfigurationList = 1F4224E51F6B056500F38653 /* Build configuration list for PBXProject "HockeyCosom" */;
			compatibilityVersion = "Xcode 3.2";
			developmentRegion = English;
			hasScannedForEncodings = 0;
			knownRegions = (
				en,
				Base,
			);
			mainGroup = 1F4224E11F6B056500F38653;
			productRefGroup = 1F4224EB1F6B056500F38653 /* Products */;
			projectDirPath = "";
			projectRoot = "";
			targets = (
				1F4224E91F6B056500F38653 /* HockeyCosom */,
			);
		};
/* End PBXProject section */

/* Begin PBXResourcesBuildPhase section */
		1F4224E81F6B056500F38653 /* Resources */ = {
			isa = PBXResourcesBuildPhase;
			buildActionMask = 2147483647;
			files = (
				1F4224FD1F6B056600F38653 /* LaunchScreen.storyboard in Resources */,
				4C78257B1F7CAF210077FE6E /* MyCell.xib in Resources */,
				1F4224FA1F6B056600F38653 /* Assets.xcassets in Resources */,
				1F4224F81F6B056600F38653 /* Main.storyboard in Resources */,
			);
			runOnlyForDeploymentPostprocessing = 0;
		};
/* End PBXResourcesBuildPhase section */

/* Begin PBXSourcesBuildPhase section */
		1F4224E61F6B056500F38653 /* Sources */ = {
			isa = PBXSourcesBuildPhase;
			buildActionMask = 2147483647;
			files = (
				827E6BA21F7434C200219038 /* Team.m in Sources */,
				827E6B9F1F74349C00219038 /* Player.m in Sources */,
				1F4224F51F6B056600F38653 /* ViewController.m in Sources */,
				1F4224F21F6B056600F38653 /* AppDelegate.m in Sources */,
				1F4224EF1F6B056600F38653 /* main.m in Sources */,
				827E6BAB1F74670A00219038 /* MyCell.m in Sources */,
			);
			runOnlyForDeploymentPostprocessing = 0;
		};
/* End PBXSourcesBuildPhase section */

/* Begin PBXVariantGroup section */
		1F4224F61F6B056600F38653 /* Main.storyboard */ = {
			isa = PBXVariantGroup;
			children = (
				1F4224F71F6B056600F38653 /* Base */,
			);
			name = Main.storyboard;
			sourceTree = "<group>";
		};
		1F4224FB1F6B056600F38653 /* LaunchScreen.storyboard */ = {
			isa = PBXVariantGroup;
			children = (
				1F4224FC1F6B056600F38653 /* Base */,
			);
			name = LaunchScreen.storyboard;
			sourceTree = "<group>";
		};
/* End PBXVariantGroup section */

/* Begin XCBuildConfiguration section */
		1F4224FF1F6B056600F38653 /* Debug */ = {
			isa = XCBuildConfiguration;
			buildSettings = {
				ALWAYS_SEARCH_USER_PATHS = NO;
				CLANG_ANALYZER_NONNULL = YES;
				CLANG_ANALYZER_NUMBER_OBJECT_CONVERSION = YES_AGGRESSIVE;
				CLANG_CXX_LANGUAGE_STANDARD = "gnu++0x";
				CLANG_CXX_LIBRARY = "libc++";
				CLANG_ENABLE_MODULES = YES;
				CLANG_ENABLE_OBJC_ARC = YES;
				CLANG_WARN_BLOCK_CAPTURE_AUTORELEASING = YES;
				CLANG_WARN_BOOL_CONVERSION = YES;
				CLANG_WARN_COMMA = YES;
				CLANG_WARN_CONSTANT_CONVERSION = YES;
				CLANG_WARN_DIRECT_OBJC_ISA_USAGE = YES_ERROR;
				CLANG_WARN_DOCUMENTATION_COMMENTS = YES;
				CLANG_WARN_EMPTY_BODY = YES;
				CLANG_WARN_ENUM_CONVERSION = YES;
				CLANG_WARN_INFINITE_RECURSION = YES;
				CLANG_WARN_INT_CONVERSION = YES;
				CLANG_WARN_NON_LITERAL_NULL_CONVERSION = YES;
				CLANG_WARN_OBJC_LITERAL_CONVERSION = YES;
				CLANG_WARN_OBJC_ROOT_CLASS = YES_ERROR;
				CLANG_WARN_RANGE_LOOP_ANALYSIS = YES;
				CLANG_WARN_STRICT_PROTOTYPES = YES;
				CLANG_WARN_SUSPICIOUS_MOVE = YES;
				CLANG_WARN_UNREACHABLE_CODE = YES;
				CLANG_WARN__DUPLICATE_METHOD_MATCH = YES;
				"CODE_SIGN_IDENTITY[sdk=iphoneos*]" = "iPhone Developer";
				COPY_PHASE_STRIP = NO;
				DEBUG_INFORMATION_FORMAT = dwarf;
				ENABLE_STRICT_OBJC_MSGSEND = YES;
				ENABLE_TESTABILITY = YES;
				GCC_C_LANGUAGE_STANDARD = gnu99;
				GCC_DYNAMIC_NO_PIC = NO;
				GCC_NO_COMMON_BLOCKS = YES;
				GCC_OPTIMIZATION_LEVEL = 0;
				GCC_PREPROCESSOR_DEFINITIONS = (
					"DEBUG=1",
					"$(inherited)",
				);
				GCC_WARN_64_TO_32_BIT_CONVERSION = YES;
				GCC_WARN_ABOUT_RETURN_TYPE = YES_ERROR;
				GCC_WARN_UNDECLARED_SELECTOR = YES;
				GCC_WARN_UNINITIALIZED_AUTOS = YES_AGGRESSIVE;
				GCC_WARN_UNUSED_FUNCTION = YES;
				GCC_WARN_UNUSED_VARIABLE = YES;
				IPHONEOS_DEPLOYMENT_TARGET = 10.3;
				MTL_ENABLE_DEBUG_INFO = YES;
				ONLY_ACTIVE_ARCH = YES;
				SDKROOT = iphoneos;
				TARGETED_DEVICE_FAMILY = 2;
			};
			name = Debug;
		};
		1F4225001F6B056600F38653 /* Release */ = {
			isa = XCBuildConfiguration;
			buildSettings = {
				ALWAYS_SEARCH_USER_PATHS = NO;
				CLANG_ANALYZER_NONNULL = YES;
				CLANG_ANALYZER_NUMBER_OBJECT_CONVERSION = YES_AGGRESSIVE;
				CLANG_CXX_LANGUAGE_STANDARD = "gnu++0x";
				CLANG_CXX_LIBRARY = "libc++";
				CLANG_ENABLE_MODULES = YES;
				CLANG_ENABLE_OBJC_ARC = YES;
				CLANG_WARN_BLOCK_CAPTURE_AUTORELEASING = YES;
				CLANG_WARN_BOOL_CONVERSION = YES;
				CLANG_WARN_COMMA = YES;
				CLANG_WARN_CONSTANT_CONVERSION = YES;
				CLANG_WARN_DIRECT_OBJC_ISA_USAGE = YES_ERROR;
				CLANG_WARN_DOCUMENTATION_COMMENTS = YES;
				CLANG_WARN_EMPTY_BODY = YES;
				CLANG_WARN_ENUM_CONVERSION = YES;
				CLANG_WARN_INFINITE_RECURSION = YES;
				CLANG_WARN_INT_CONVERSION = YES;
				CLANG_WARN_NON_LITERAL_NULL_CONVERSION = YES;
				CLANG_WARN_OBJC_LITERAL_CONVERSION = YES;
				CLANG_WARN_OBJC_ROOT_CLASS = YES_ERROR;
				CLANG_WARN_RANGE_LOOP_ANALYSIS = YES;
				CLANG_WARN_STRICT_PROTOTYPES = YES;
				CLANG_WARN_SUSPICIOUS_MOVE = YES;
				CLANG_WARN_UNREACHABLE_CODE = YES;
				CLANG_WARN__DUPLICATE_METHOD_MATCH = YES;
				"CODE_SIGN_IDENTITY[sdk=iphoneos*]" = "iPhone Developer";
				COPY_PHASE_STRIP = NO;
				DEBUG_INFORMATION_FORMAT = "dwarf-with-dsym";
				ENABLE_NS_ASSERTIONS = NO;
				ENABLE_STRICT_OBJC_MSGSEND = YES;
				GCC_C_LANGUAGE_STANDARD = gnu99;
				GCC_NO_COMMON_BLOCKS = YES;
				GCC_WARN_64_TO_32_BIT_CONVERSION = YES;
				GCC_WARN_ABOUT_RETURN_TYPE = YES_ERROR;
				GCC_WARN_UNDECLARED_SELECTOR = YES;
				GCC_WARN_UNINITIALIZED_AUTOS = YES_AGGRESSIVE;
				GCC_WARN_UNUSED_FUNCTION = YES;
				GCC_WARN_UNUSED_VARIABLE = YES;
				IPHONEOS_DEPLOYMENT_TARGET = 10.3;
				MTL_ENABLE_DEBUG_INFO = NO;
				SDKROOT = iphoneos;
				TARGETED_DEVICE_FAMILY = 2;
				VALIDATE_PRODUCT = YES;
			};
			name = Release;
		};
		1F4225021F6B056600F38653 /* Debug */ = {
			isa = XCBuildConfiguration;
			buildSettings = {
				ASSETCATALOG_COMPILER_APPICON_NAME = AppIcon;
				ASSETCATALOG_COMPILER_LAUNCHIMAGE_NAME = LaunchImage;
				INFOPLIST_FILE = HockeyCosom/Info.plist;
				LD_RUNPATH_SEARCH_PATHS = "$(inherited) @executable_path/Frameworks";
				PRODUCT_BUNDLE_IDENTIFIER = ETS.HockeyCosom;
				PRODUCT_NAME = "$(TARGET_NAME)";
			};
			name = Debug;
		};
		1F4225031F6B056600F38653 /* Release */ = {
			isa = XCBuildConfiguration;
			buildSettings = {
				ASSETCATALOG_COMPILER_APPICON_NAME = AppIcon;
				ASSETCATALOG_COMPILER_LAUNCHIMAGE_NAME = LaunchImage;
				INFOPLIST_FILE = HockeyCosom/Info.plist;
				LD_RUNPATH_SEARCH_PATHS = "$(inherited) @executable_path/Frameworks";
				PRODUCT_BUNDLE_IDENTIFIER = ETS.HockeyCosom;
				PRODUCT_NAME = "$(TARGET_NAME)";
			};
			name = Release;
		};
/* End XCBuildConfiguration section */

/* Begin XCConfigurationList section */
		1F4224E51F6B056500F38653 /* Build configuration list for PBXProject "HockeyCosom" */ = {
			isa = XCConfigurationList;
			buildConfigurations = (
				1F4224FF1F6B056600F38653 /* Debug */,
				1F4225001F6B056600F38653 /* Release */,
			);
			defaultConfigurationIsVisible = 0;
			defaultConfigurationName = Release;
		};
		1F4225011F6B056600F38653 /* Build configuration list for PBXNativeTarget "HockeyCosom" */ = {
			isa = XCConfigurationList;
			buildConfigurations = (
				1F4225021F6B056600F38653 /* Debug */,
				1F4225031F6B056600F38653 /* Release */,
			);
			defaultConfigurationIsVisible = 0;
			defaultConfigurationName = Release;
		};
/* End XCConfigurationList section */
	};
	rootObject = 1F4224E21F6B056500F38653 /* Project object */;
}
